
Microsoft Visual Studio Solution File, Format Version 12.00
# Visual Studio Version 17
VisualStudioVersion = 17.1.32414.318
MinimumVisualStudioVersion = 10.0.40219.1
Project("{9A19103F-16F7-4668-BE54-9A1E7A4F7556}") = "SwanSong.Domain", "SwanSong.Domain\SwanSong.Domain.csproj", "{507CCDD8-AD53-47A1-A3F3-94C6B248E78E}"
EndProject
Project("{9A19103F-16F7-4668-BE54-9A1E7A4F7556}") = "SwanSong.Service", "SwanSong.Service\SwanSong.Service.csproj", "{CB7FDC68-A64B-4657-AF5F-10F66E1D37B2}"
EndProject
Project("{9A19103F-16F7-4668-BE54-9A1E7A4F7556}") = "SwanSong.Business", "SwanSong.Business\SwanSong.Business.csproj", "{FEEB3892-AD0C-4A67-906A-F86CB39A62AA}"
EndProject
Project("{9A19103F-16F7-4668-BE54-9A1E7A4F7556}") = "SwanSong.Helper", "SwanSong.Helper\SwanSong.Helper.csproj", "{A1D52ECE-45D3-4B7B-B1E1-F8D9F50D7265}"
EndProject
Project("{9A19103F-16F7-4668-BE54-9A1E7A4F7556}") = "SwanSong.Api", "SwanSong.Api\SwanSong.Api.csproj", "{F1ECEA8D-4CEE-4BB6-91C9-F96A709124B2}"
EndProject
Project("{9A19103F-16F7-4668-BE54-9A1E7A4F7556}") = "SwanSong.xUnit.Test", "SwanSong.xUnit.Test\SwanSong.xUnit.Test.csproj", "{4B7C57BB-DA23-4842-8463-3C62E712BB8A}"
EndProject
Project("{9A19103F-16F7-4668-BE54-9A1E7A4F7556}") = "SwanSong.Data", "SwanSong.Data\SwanSong.Data.csproj", "{99B75BCD-AF23-4C8E-9BF3-B42367598667}"
EndProject
Project("{2150E333-8FDC-42A3-9474-1A3956D46DE8}") = "Testing", "Testing", "{E431F38D-BC4D-4175-AC4E-97CB46F8ED6C}"
EndProject
Project("{2150E333-8FDC-42A3-9474-1A3956D46DE8}") = "Backend", "Backend", "{C16D609B-A6F7-4792-901B-0B0C24EBBD9B}"
EndProject
Project("{E53339B2-1760-4266-BCC7-CA923CBCF16C}") = "docker-compose", "docker-compose.dcproj", "{D173A3DC-7219-4E82-9471-93538F5047AB}"
EndProject
Project("{9A19103F-16F7-4668-BE54-9A1E7A4F7556}") = "SwanSong.Azure", "SwanSong.Azure\SwanSong.Azure.csproj", "{80E7C629-D232-4116-AEF2-1CF0F6807E56}"
EndProject
Global
	GlobalSection(SolutionConfigurationPlatforms) = preSolution
		Debug|Any CPU = Debug|Any CPU
		Release|Any CPU = Release|Any CPU
	EndGlobalSection
	GlobalSection(ProjectConfigurationPlatforms) = postSolution
		{507CCDD8-AD53-47A1-A3F3-94C6B248E78E}.Debug|Any CPU.ActiveCfg = Debug|Any CPU
		{507CCDD8-AD53-47A1-A3F3-94C6B248E78E}.Debug|Any CPU.Build.0 = Debug|Any CPU
		{507CCDD8-AD53-47A1-A3F3-94C6B248E78E}.Release|Any CPU.ActiveCfg = Release|Any CPU
		{507CCDD8-AD53-47A1-A3F3-94C6B248E78E}.Release|Any CPU.Build.0 = Release|Any CPU
		{CB7FDC68-A64B-4657-AF5F-10F66E1D37B2}.Debug|Any CPU.ActiveCfg = Debug|Any CPU
		{CB7FDC68-A64B-4657-AF5F-10F66E1D37B2}.Debug|Any CPU.Build.0 = Debug|Any CPU
		{CB7FDC68-A64B-4657-AF5F-10F66E1D37B2}.Release|Any CPU.ActiveCfg = Release|Any CPU
		{CB7FDC68-A64B-4657-AF5F-10F66E1D37B2}.Release|Any CPU.Build.0 = Release|Any CPU
		{FEEB3892-AD0C-4A67-906A-F86CB39A62AA}.Debug|Any CPU.ActiveCfg = Debug|Any CPU
		{FEEB3892-AD0C-4A67-906A-F86CB39A62AA}.Debug|Any CPU.Build.0 = Debug|Any CPU
		{FEEB3892-AD0C-4A67-906A-F86CB39A62AA}.Release|Any CPU.ActiveCfg = Release|Any CPU
		{FEEB3892-AD0C-4A67-906A-F86CB39A62AA}.Release|Any CPU.Build.0 = Release|Any CPU
		{A1D52ECE-45D3-4B7B-B1E1-F8D9F50D7265}.Debug|Any CPU.ActiveCfg = Debug|Any CPU
		{A1D52ECE-45D3-4B7B-B1E1-F8D9F50D7265}.Debug|Any CPU.Build.0 = Debug|Any CPU
		{A1D52ECE-45D3-4B7B-B1E1-F8D9F50D7265}.Release|Any CPU.ActiveCfg = Release|Any CPU
		{A1D52ECE-45D3-4B7B-B1E1-F8D9F50D7265}.Release|Any CPU.Build.0 = Release|Any CPU
		{F1ECEA8D-4CEE-4BB6-91C9-F96A709124B2}.Debug|Any CPU.ActiveCfg = Debug|Any CPU
		{F1ECEA8D-4CEE-4BB6-91C9-F96A709124B2}.Debug|Any CPU.Build.0 = Debug|Any CPU
		{F1ECEA8D-4CEE-4BB6-91C9-F96A709124B2}.Release|Any CPU.ActiveCfg = Release|Any CPU
		{F1ECEA8D-4CEE-4BB6-91C9-F96A709124B2}.Release|Any CPU.Build.0 = Release|Any CPU
		{4B7C57BB-DA23-4842-8463-3C62E712BB8A}.Debug|Any CPU.ActiveCfg = Debug|Any CPU
		{4B7C57BB-DA23-4842-8463-3C62E712BB8A}.Debug|Any CPU.Build.0 = Debug|Any CPU
		{4B7C57BB-DA23-4842-8463-3C62E712BB8A}.Release|Any CPU.ActiveCfg = Release|Any CPU
		{4B7C57BB-DA23-4842-8463-3C62E712BB8A}.Release|Any CPU.Build.0 = Release|Any CPU
		{99B75BCD-AF23-4C8E-9BF3-B42367598667}.Debug|Any CPU.ActiveCfg = Debug|Any CPU
		{99B75BCD-AF23-4C8E-9BF3-B42367598667}.Debug|Any CPU.Build.0 = Debug|Any CPU
		{99B75BCD-AF23-4C8E-9BF3-B42367598667}.Release|Any CPU.ActiveCfg = Release|Any CPU
		{99B75BCD-AF23-4C8E-9BF3-B42367598667}.Release|Any CPU.Build.0 = Release|Any CPU
		{D173A3DC-7219-4E82-9471-93538F5047AB}.Debug|Any CPU.ActiveCfg = Debug|Any CPU
		{D173A3DC-7219-4E82-9471-93538F5047AB}.Debug|Any CPU.Build.0 = Debug|Any CPU
		{D173A3DC-7219-4E82-9471-93538F5047AB}.Release|Any CPU.ActiveCfg = Release|Any CPU
		{D173A3DC-7219-4E82-9471-93538F5047AB}.Release|Any CPU.Build.0 = Release|Any CPU
		{80E7C629-D232-4116-AEF2-1CF0F6807E56}.Debug|Any CPU.ActiveCfg = Debug|Any CPU
		{80E7C629-D232-4116-AEF2-1CF0F6807E56}.Debug|Any CPU.Build.0 = Debug|Any CPU
		{80E7C629-D232-4116-AEF2-1CF0F6807E56}.Release|Any CPU.ActiveCfg = Release|Any CPU
		{80E7C629-D232-4116-AEF2-1CF0F6807E56}.Release|Any CPU.Build.0 = Release|Any CPU
	EndGlobalSection
	GlobalSection(SolutionProperties) = preSolution
		HideSolutionNode = FALSE
	EndGlobalSection
	GlobalSection(NestedProjects) = preSolution
		{507CCDD8-AD53-47A1-A3F3-94C6B248E78E} = {C16D609B-A6F7-4792-901B-0B0C24EBBD9B}
		{CB7FDC68-A64B-4657-AF5F-10F66E1D37B2} = {C16D609B-A6F7-4792-901B-0B0C24EBBD9B}
		{FEEB3892-AD0C-4A67-906A-F86CB39A62AA} = {C16D609B-A6F7-4792-901B-0B0C24EBBD9B}
		{A1D52ECE-45D3-4B7B-B1E1-F8D9F50D7265} = {C16D609B-A6F7-4792-901B-0B0C24EBBD9B}
		{F1ECEA8D-4CEE-4BB6-91C9-F96A709124B2} = {C16D609B-A6F7-4792-901B-0B0C24EBBD9B}
		{4B7C57BB-DA23-4842-8463-3C62E712BB8A} = {E431F38D-BC4D-4175-AC4E-97CB46F8ED6C}
		{99B75BCD-AF23-4C8E-9BF3-B42367598667} = {C16D609B-A6F7-4792-901B-0B0C24EBBD9B}
		{80E7C629-D232-4116-AEF2-1CF0F6807E56} = {C16D609B-A6F7-4792-901B-0B0C24EBBD9B}
	EndGlobalSection
	GlobalSection(ExtensibilityGlobals) = postSolution
		SolutionGuid = {6B8E4ACB-FDB8-45D5-A537-E260B9DEFF58}
	EndGlobalSection
EndGlobal
